{
  "version": 4,
  "terraform_version": "0.14.7",
  "serial": 6,
  "lineage": "bc54385d-cd9a-5140-9aba-fd1e9cb33e75",
  "outputs": {
    "cluster": {
      "value": {
        "apply_immediately": false,
        "arn": "arn:aws:rds:eu-west-2:680235478471:cluster:my-docdb-cluster",
        "availability_zones": [
          "eu-west-2a",
          "eu-west-2b",
          "eu-west-2c"
        ],
        "backup_retention_period": 5,
        "cluster_identifier": "my-docdb-cluster",
        "cluster_identifier_prefix": null,
        "cluster_members": [],
        "cluster_resource_id": "cluster-NA52BI56JR3KOVF7YDZXHNCGCU",
        "db_cluster_parameter_group_name": "examplea",
        "db_subnet_group_name": "docdb",
        "deletion_protection": false,
        "enabled_cloudwatch_logs_exports": [
          "audit",
          "profiler"
        ],
        "endpoint": "my-docdb-cluster.cluster-cfkva6djgghs.eu-west-2.docdb.amazonaws.com",
        "engine": "docdb",
        "engine_version": "3.6.0",
        "final_snapshot_identifier": null,
        "hosted_zone_id": "Z31U74G60GD398",
        "id": "my-docdb-cluster",
        "kms_key_id": "arn:aws:kms:eu-west-2:680235478471:key/cf877b86-f2a0-474d-9f89-fc1872543d32",
        "master_password": "\u0026R?Wwi_+Tjhdc)Y3",
        "master_username": "docadmin",
        "port": 27017,
        "preferred_backup_window": "07:00-09:00",
        "preferred_maintenance_window": "sat:05:00-sat:07:00",
        "reader_endpoint": "my-docdb-cluster.cluster-ro-cfkva6djgghs.eu-west-2.docdb.amazonaws.com",
        "skip_final_snapshot": true,
        "snapshot_identifier": null,
        "storage_encrypted": true,
        "tags": {
          "createdby": "terraform",
          "module": "terraform-aws-documentdb"
        },
        "timeouts": null,
        "vpc_security_group_ids": [
          "sg-05749b21616ab0cdc"
        ]
      },
      "type": [
        "object",
        {
          "apply_immediately": "bool",
          "arn": "string",
          "availability_zones": [
            "set",
            "string"
          ],
          "backup_retention_period": "number",
          "cluster_identifier": "string",
          "cluster_identifier_prefix": "string",
          "cluster_members": [
            "set",
            "string"
          ],
          "cluster_resource_id": "string",
          "db_cluster_parameter_group_name": "string",
          "db_subnet_group_name": "string",
          "deletion_protection": "bool",
          "enabled_cloudwatch_logs_exports": [
            "list",
            "string"
          ],
          "endpoint": "string",
          "engine": "string",
          "engine_version": "string",
          "final_snapshot_identifier": "string",
          "hosted_zone_id": "string",
          "id": "string",
          "kms_key_id": "string",
          "master_password": "string",
          "master_username": "string",
          "port": "number",
          "preferred_backup_window": "string",
          "preferred_maintenance_window": "string",
          "reader_endpoint": "string",
          "skip_final_snapshot": "bool",
          "snapshot_identifier": "string",
          "storage_encrypted": "bool",
          "tags": [
            "map",
            "string"
          ],
          "timeouts": [
            "object",
            {
              "create": "string",
              "delete": "string",
              "update": "string"
            }
          ],
          "vpc_security_group_ids": [
            "set",
            "string"
          ]
        }
      ],
      "sensitive": true
    },
    "instance": {
      "value": [
        {
          "apply_immediately": false,
          "arn": "arn:aws:rds:eu-west-2:680235478471:db:docdb-cluster-demo-0",
          "auto_minor_version_upgrade": true,
          "availability_zone": "eu-west-2a",
          "ca_cert_identifier": "rds-ca-2019",
          "cluster_identifier": "my-docdb-cluster",
          "db_subnet_group_name": "docdb",
          "dbi_resource_id": "db-5QYPQ3OMNDS4Q6VGCA3RTWQPY4",
          "endpoint": "docdb-cluster-demo-0.cfkva6djgghs.eu-west-2.docdb.amazonaws.com",
          "engine": "docdb",
          "engine_version": "3.6.0",
          "id": "docdb-cluster-demo-0",
          "identifier": "docdb-cluster-demo-0",
          "identifier_prefix": null,
          "instance_class": "db.r5.large",
          "kms_key_id": "arn:aws:kms:eu-west-2:680235478471:key/cf877b86-f2a0-474d-9f89-fc1872543d32",
          "port": 27017,
          "preferred_backup_window": "07:00-09:00",
          "preferred_maintenance_window": "sat:00:00-sat:03:00",
          "promotion_tier": 0,
          "publicly_accessible": false,
          "storage_encrypted": true,
          "tags": {
            "createdby": "terraform",
            "module": "terraform-aws-documentdb"
          },
          "timeouts": null,
          "writer": true
        }
      ],
      "type": [
        "tuple",
        [
          [
            "object",
            {
              "apply_immediately": "bool",
              "arn": "string",
              "auto_minor_version_upgrade": "bool",
              "availability_zone": "string",
              "ca_cert_identifier": "string",
              "cluster_identifier": "string",
              "db_subnet_group_name": "string",
              "dbi_resource_id": "string",
              "endpoint": "string",
              "engine": "string",
              "engine_version": "string",
              "id": "string",
              "identifier": "string",
              "identifier_prefix": "string",
              "instance_class": "string",
              "kms_key_id": "string",
              "port": "number",
              "preferred_backup_window": "string",
              "preferred_maintenance_window": "string",
              "promotion_tier": "number",
              "publicly_accessible": "bool",
              "storage_encrypted": "bool",
              "tags": [
                "map",
                "string"
              ],
              "timeouts": [
                "object",
                {
                  "create": "string",
                  "delete": "string",
                  "update": "string"
                }
              ],
              "writer": "bool"
            }
          ]
        ]
      ]
    },
    "properties": {
      "value": {
        "arn": "arn:aws:rds:eu-west-2:680235478471:cluster-pg:examplea",
        "description": "docdb cluster parameter group",
        "family": "docdb3.6",
        "id": "examplea",
        "name": "examplea",
        "name_prefix": null,
        "parameter": [
          {
            "apply_method": "pending-reboot",
            "name": "audit_logs",
            "value": "enabled"
          },
          {
            "apply_method": "pending-reboot",
            "name": "change_stream_log_retention_duration",
            "value": "10800"
          },
          {
            "apply_method": "pending-reboot",
            "name": "profiler",
            "value": "disabled"
          },
          {
            "apply_method": "pending-reboot",
            "name": "profiler_sampling_rate",
            "value": "1"
          },
          {
            "apply_method": "pending-reboot",
            "name": "profiler_threshold_ms",
            "value": "100"
          },
          {
            "apply_method": "pending-reboot",
            "name": "tls",
            "value": "enabled"
          },
          {
            "apply_method": "pending-reboot",
            "name": "ttl_monitor",
            "value": "enabled"
          }
        ],
        "tags": {
          "createdby": "terraform",
          "module": "terraform-aws-documentdb"
        }
      },
      "type": [
        "object",
        {
          "arn": "string",
          "description": "string",
          "family": "string",
          "id": "string",
          "name": "string",
          "name_prefix": "string",
          "parameter": [
            "set",
            [
              "object",
              {
                "apply_method": "string",
                "name": "string",
                "value": "string"
              }
            ]
          ],
          "tags": [
            "map",
            "string"
          ]
        }
      ]
    }
  },
  "resources": [
    {
      "mode": "data",
      "type": "aws_subnet_ids",
      "name": "examplea",
      "provider": "provider[\"registry.terraform.io/hashicorp/aws\"]",
      "instances": [
        {
          "schema_version": 0,
          "attributes": {
            "filter": null,
            "id": "vpc-0e2e925de622375b5",
            "ids": [
              "subnet-05808ec64faaa18ba",
              "subnet-05f8f3c120238ca8d",
              "subnet-0b57d1924ea055989"
            ],
            "tags": {
              "Type": "Public"
            },
            "vpc_id": "vpc-0e2e925de622375b5"
          },
          "sensitive_attributes": []
        }
      ]
    },
    {
      "mode": "managed",
      "type": "random_string",
      "name": "password",
      "provider": "provider[\"registry.terraform.io/hashicorp/random\"]",
      "instances": [
        {
          "schema_version": 1,
          "attributes": {
            "id": "\u0026R?Wwi_+Tjhdc)Y3",
            "keepers": null,
            "length": 16,
            "lower": true,
            "min_lower": 0,
            "min_numeric": 0,
            "min_special": 0,
            "min_upper": 0,
            "number": true,
            "override_special": null,
            "result": "\u0026R?Wwi_+Tjhdc)Y3",
            "special": true,
            "upper": true
          },
          "sensitive_attributes": [],
          "private": "eyJzY2hlbWFfdmVyc2lvbiI6IjEifQ=="
        }
      ]
    },
    {
      "module": "module.documentdb",
      "mode": "data",
      "type": "aws_availability_zones",
      "name": "available",
      "provider": "provider[\"registry.terraform.io/hashicorp/aws\"]",
      "instances": [
        {
          "schema_version": 0,
          "attributes": {
            "all_availability_zones": null,
            "exclude_names": null,
            "exclude_zone_ids": null,
            "filter": null,
            "group_names": [
              "eu-west-2"
            ],
            "id": "eu-west-2",
            "names": [
              "eu-west-2a",
              "eu-west-2b",
              "eu-west-2c"
            ],
            "state": "available",
            "zone_ids": [
              "euw2-az2",
              "euw2-az3",
              "euw2-az1"
            ]
          },
          "sensitive_attributes": []
        }
      ]
    },
    {
      "module": "module.documentdb",
      "mode": "managed",
      "type": "aws_docdb_cluster",
      "name": "examplea",
      "provider": "provider[\"registry.terraform.io/hashicorp/aws\"]",
      "instances": [
        {
          "schema_version": 0,
          "attributes": {
            "apply_immediately": false,
            "arn": "arn:aws:rds:eu-west-2:680235478471:cluster:my-docdb-cluster",
            "availability_zones": [
              "eu-west-2a",
              "eu-west-2b",
              "eu-west-2c"
            ],
            "backup_retention_period": 5,
            "cluster_identifier": "my-docdb-cluster",
            "cluster_identifier_prefix": null,
            "cluster_members": [],
            "cluster_resource_id": "cluster-NA52BI56JR3KOVF7YDZXHNCGCU",
            "db_cluster_parameter_group_name": "examplea",
            "db_subnet_group_name": "docdb",
            "deletion_protection": false,
            "enabled_cloudwatch_logs_exports": [
              "audit",
              "profiler"
            ],
            "endpoint": "my-docdb-cluster.cluster-cfkva6djgghs.eu-west-2.docdb.amazonaws.com",
            "engine": "docdb",
            "engine_version": "3.6.0",
            "final_snapshot_identifier": null,
            "hosted_zone_id": "Z31U74G60GD398",
            "id": "my-docdb-cluster",
            "kms_key_id": "arn:aws:kms:eu-west-2:680235478471:key/cf877b86-f2a0-474d-9f89-fc1872543d32",
            "master_password": "\u0026R?Wwi_+Tjhdc)Y3",
            "master_username": "docadmin",
            "port": 27017,
            "preferred_backup_window": "07:00-09:00",
            "preferred_maintenance_window": "sat:05:00-sat:07:00",
            "reader_endpoint": "my-docdb-cluster.cluster-ro-cfkva6djgghs.eu-west-2.docdb.amazonaws.com",
            "skip_final_snapshot": true,
            "snapshot_identifier": null,
            "storage_encrypted": true,
            "tags": {
              "createdby": "terraform",
              "module": "terraform-aws-documentdb"
            },
            "timeouts": null,
            "vpc_security_group_ids": [
              "sg-05749b21616ab0cdc"
            ]
          },
          "sensitive_attributes": [
            [
              {
                "type": "get_attr",
                "value": "master_password"
              }
            ]
          ],
          "private": "eyJlMmJmYjczMC1lY2FhLTExZTYtOGY4OC0zNDM2M2JjN2M0YzAiOnsiY3JlYXRlIjo3MjAwMDAwMDAwMDAwLCJkZWxldGUiOjcyMDAwMDAwMDAwMDAsInVwZGF0ZSI6NzIwMDAwMDAwMDAwMH19",
          "dependencies": [
            "data.aws_subnet_ids.examplea",
            "module.documentdb.aws_docdb_cluster_parameter_group.examplea",
            "module.documentdb.aws_docdb_subnet_group.examplea",
            "module.documentdb.data.aws_availability_zones.available",
            "random_string.password"
          ]
        }
      ]
    },
    {
      "module": "module.documentdb",
      "mode": "managed",
      "type": "aws_docdb_cluster_instance",
      "name": "examplea",
      "provider": "provider[\"registry.terraform.io/hashicorp/aws\"]",
      "instances": [
        {
          "index_key": 0,
          "schema_version": 0,
          "attributes": {
            "apply_immediately": false,
            "arn": "arn:aws:rds:eu-west-2:680235478471:db:docdb-cluster-demo-0",
            "auto_minor_version_upgrade": true,
            "availability_zone": "eu-west-2a",
            "ca_cert_identifier": "rds-ca-2019",
            "cluster_identifier": "my-docdb-cluster",
            "db_subnet_group_name": "docdb",
            "dbi_resource_id": "db-5QYPQ3OMNDS4Q6VGCA3RTWQPY4",
            "endpoint": "docdb-cluster-demo-0.cfkva6djgghs.eu-west-2.docdb.amazonaws.com",
            "engine": "docdb",
            "engine_version": "3.6.0",
            "id": "docdb-cluster-demo-0",
            "identifier": "docdb-cluster-demo-0",
            "identifier_prefix": null,
            "instance_class": "db.r5.large",
            "kms_key_id": "arn:aws:kms:eu-west-2:680235478471:key/cf877b86-f2a0-474d-9f89-fc1872543d32",
            "port": 27017,
            "preferred_backup_window": "07:00-09:00",
            "preferred_maintenance_window": "sat:00:00-sat:03:00",
            "promotion_tier": 0,
            "publicly_accessible": false,
            "storage_encrypted": true,
            "tags": {
              "createdby": "terraform",
              "module": "terraform-aws-documentdb"
            },
            "timeouts": null,
            "writer": true
          },
          "sensitive_attributes": [],
          "private": "eyJlMmJmYjczMC1lY2FhLTExZTYtOGY4OC0zNDM2M2JjN2M0YzAiOnsiY3JlYXRlIjo1NDAwMDAwMDAwMDAwLCJkZWxldGUiOjU0MDAwMDAwMDAwMDAsInVwZGF0ZSI6NTQwMDAwMDAwMDAwMH19",
          "dependencies": [
            "data.aws_subnet_ids.examplea",
            "module.documentdb.aws_docdb_cluster.examplea",
            "module.documentdb.aws_docdb_cluster_parameter_group.examplea",
            "module.documentdb.aws_docdb_subnet_group.examplea",
            "module.documentdb.data.aws_availability_zones.available",
            "random_string.password"
          ]
        }
      ]
    },
    {
      "module": "module.documentdb",
      "mode": "managed",
      "type": "aws_docdb_cluster_parameter_group",
      "name": "examplea",
      "provider": "provider[\"registry.terraform.io/hashicorp/aws\"]",
      "instances": [
        {
          "schema_version": 0,
          "attributes": {
            "arn": "arn:aws:rds:eu-west-2:680235478471:cluster-pg:examplea",
            "description": "docdb cluster parameter group",
            "family": "docdb3.6",
            "id": "examplea",
            "name": "examplea",
            "name_prefix": null,
            "parameter": [
              {
                "apply_method": "pending-reboot",
                "name": "audit_logs",
                "value": "enabled"
              },
              {
                "apply_method": "pending-reboot",
                "name": "change_stream_log_retention_duration",
                "value": "10800"
              },
              {
                "apply_method": "pending-reboot",
                "name": "profiler",
                "value": "disabled"
              },
              {
                "apply_method": "pending-reboot",
                "name": "profiler_sampling_rate",
                "value": "1"
              },
              {
                "apply_method": "pending-reboot",
                "name": "profiler_threshold_ms",
                "value": "100"
              },
              {
                "apply_method": "pending-reboot",
                "name": "tls",
                "value": "enabled"
              },
              {
                "apply_method": "pending-reboot",
                "name": "ttl_monitor",
                "value": "enabled"
              }
            ],
            "tags": {
              "createdby": "terraform",
              "module": "terraform-aws-documentdb"
            }
          },
          "sensitive_attributes": [],
          "private": "bnVsbA=="
        }
      ]
    },
    {
      "module": "module.documentdb",
      "mode": "managed",
      "type": "aws_docdb_subnet_group",
      "name": "examplea",
      "provider": "provider[\"registry.terraform.io/hashicorp/aws\"]",
      "instances": [
        {
          "schema_version": 0,
          "attributes": {
            "arn": "arn:aws:rds:eu-west-2:680235478471:subgrp:docdb",
            "description": "Managed by Terraform",
            "id": "docdb",
            "name": "docdb",
            "name_prefix": null,
            "subnet_ids": [
              "subnet-05808ec64faaa18ba",
              "subnet-05f8f3c120238ca8d",
              "subnet-0b57d1924ea055989"
            ],
            "tags": {
              "createdby": "terraform",
              "module": "terraform-aws-documentdb"
            }
          },
          "sensitive_attributes": [],
          "private": "bnVsbA==",
          "dependencies": [
            "data.aws_subnet_ids.examplea"
          ]
        }
      ]
    }
  ]
}
